
Microsoft Visual Studio Solution File, Format Version 12.00
# Visual Studio Version 17
VisualStudioVersion = 17.8.34408.163
MinimumVisualStudioVersion = 10.0.40219.1
Project("{FAE04EC0-301F-11D3-BF4B-00C04F79EFBC}") = "HelloCampus02", "HelloCampus02\HelloCampus02.csproj", "{33ED1614-597B-4978-9183-E7387D19CDFE}"
EndProject
Project("{9A19103F-16F7-4668-BE54-9A1E7A4F7556}") = "TestProject1", "TestProject1\TestProject1.csproj", "{FCE7A584-4255-4133-BFD1-617080B29AD7}"
EndProject
Project("{FAE04EC0-301F-11D3-BF4B-00C04F79EFBC}") = "DatabindingSample", "DatabindingSample\DatabindingSample.csproj", "{B1615E11-8EBB-4FA1-8293-592689D4088B}"
EndProject
Project("{FAE04EC0-301F-11D3-BF4B-00C04F79EFBC}") = "AufgabeTicketbestellung", "AufgabeTicketbestellung\AufgabeTicketbestellung.csproj", "{84CC9E4B-0C85-42B9-9417-8656DFA1D1DE}"
EndProject
Project("{FAE04EC0-301F-11D3-BF4B-00C04F79EFBC}") = "campus02.ProjektLieferkostenberechnung", "campus02.ProjektLieferkostenberechnung\campus02.ProjektLieferkostenberechnung.csproj", "{B259A045-B501-4B9D-8A27-BECEFB137BC4}"
EndProject
Project("{FAE04EC0-301F-11D3-BF4B-00C04F79EFBC}") = "ProjektKinofilmverwaltung", "ProjektKinofilmverwaltung\ProjektKinofilmverwaltung.csproj", "{FCFA7F2F-0D9A-418A-B891-EA8ED4956203}"
EndProject
Project("{FAE04EC0-301F-11D3-BF4B-00C04F79EFBC}") = "SampleWPFmitEF", "SampleWPFmitEF\SampleWPFmitEF.csproj", "{B5E3C4DB-082C-40A2-B185-8EF973C0007A}"
EndProject
Global
	GlobalSection(SolutionConfigurationPlatforms) = preSolution
		Debug|Any CPU = Debug|Any CPU
		Release|Any CPU = Release|Any CPU
	EndGlobalSection
	GlobalSection(ProjectConfigurationPlatforms) = postSolution
		{33ED1614-597B-4978-9183-E7387D19CDFE}.Debug|Any CPU.ActiveCfg = Debug|Any CPU
		{33ED1614-597B-4978-9183-E7387D19CDFE}.Debug|Any CPU.Build.0 = Debug|Any CPU
		{33ED1614-597B-4978-9183-E7387D19CDFE}.Release|Any CPU.ActiveCfg = Release|Any CPU
		{33ED1614-597B-4978-9183-E7387D19CDFE}.Release|Any CPU.Build.0 = Release|Any CPU
		{FCE7A584-4255-4133-BFD1-617080B29AD7}.Debug|Any CPU.ActiveCfg = Debug|Any CPU
		{FCE7A584-4255-4133-BFD1-617080B29AD7}.Debug|Any CPU.Build.0 = Debug|Any CPU
		{FCE7A584-4255-4133-BFD1-617080B29AD7}.Release|Any CPU.ActiveCfg = Release|Any CPU
		{FCE7A584-4255-4133-BFD1-617080B29AD7}.Release|Any CPU.Build.0 = Release|Any CPU
		{B1615E11-8EBB-4FA1-8293-592689D4088B}.Debug|Any CPU.ActiveCfg = Debug|Any CPU
		{B1615E11-8EBB-4FA1-8293-592689D4088B}.Debug|Any CPU.Build.0 = Debug|Any CPU
		{B1615E11-8EBB-4FA1-8293-592689D4088B}.Release|Any CPU.ActiveCfg = Release|Any CPU
		{B1615E11-8EBB-4FA1-8293-592689D4088B}.Release|Any CPU.Build.0 = Release|Any CPU
		{84CC9E4B-0C85-42B9-9417-8656DFA1D1DE}.Debug|Any CPU.ActiveCfg = Debug|Any CPU
		{84CC9E4B-0C85-42B9-9417-8656DFA1D1DE}.Debug|Any CPU.Build.0 = Debug|Any CPU
		{84CC9E4B-0C85-42B9-9417-8656DFA1D1DE}.Release|Any CPU.ActiveCfg = Release|Any CPU
		{84CC9E4B-0C85-42B9-9417-8656DFA1D1DE}.Release|Any CPU.Build.0 = Release|Any CPU
		{B259A045-B501-4B9D-8A27-BECEFB137BC4}.Debug|Any CPU.ActiveCfg = Debug|Any CPU
		{B259A045-B501-4B9D-8A27-BECEFB137BC4}.Debug|Any CPU.Build.0 = Debug|Any CPU
		{B259A045-B501-4B9D-8A27-BECEFB137BC4}.Release|Any CPU.ActiveCfg = Release|Any CPU
		{B259A045-B501-4B9D-8A27-BECEFB137BC4}.Release|Any CPU.Build.0 = Release|Any CPU
		{FCFA7F2F-0D9A-418A-B891-EA8ED4956203}.Debug|Any CPU.ActiveCfg = Debug|Any CPU
		{FCFA7F2F-0D9A-418A-B891-EA8ED4956203}.Debug|Any CPU.Build.0 = Debug|Any CPU
		{FCFA7F2F-0D9A-418A-B891-EA8ED4956203}.Release|Any CPU.ActiveCfg = Release|Any CPU
		{FCFA7F2F-0D9A-418A-B891-EA8ED4956203}.Release|Any CPU.Build.0 = Release|Any CPU
		{B5E3C4DB-082C-40A2-B185-8EF973C0007A}.Debug|Any CPU.ActiveCfg = Debug|Any CPU
		{B5E3C4DB-082C-40A2-B185-8EF973C0007A}.Debug|Any CPU.Build.0 = Debug|Any CPU
		{B5E3C4DB-082C-40A2-B185-8EF973C0007A}.Release|Any CPU.ActiveCfg = Release|Any CPU
		{B5E3C4DB-082C-40A2-B185-8EF973C0007A}.Release|Any CPU.Build.0 = Release|Any CPU
	EndGlobalSection
	GlobalSection(SolutionProperties) = preSolution
		HideSolutionNode = FALSE
	EndGlobalSection
	GlobalSection(ExtensibilityGlobals) = postSolution
		SolutionGuid = {1A3E67E4-3CE7-4F70-88D5-98BB507212A3}
	EndGlobalSection
EndGlobal
